Microsoft Visual Studio Solution File, Format Version 12.00
# Visual Studio Version 17
VisualStudioVersion = 17.5.2.0
MinimumVisualStudioVersion = 10.0.40219.1
Project("{FAE04EC0-301F-11D3-BF4B-00C04F79EFBC}") = "BlogBackend", "BlogBackend.csproj", "{C70559F8-B613-8CE5-4233-22F41467859A}"
EndProject
Global
	GlobalSection(SolutionConfigurationPlatforms) = preSolution
		Debug|Any CPU = Debug|Any CPU
		Release|Any CPU = Release|Any CPU
	EndGlobalSection
	GlobalSection(ProjectConfigurationPlatforms) = postSolution
		{C70559F8-B613-8CE5-4233-22F41467859A}.Debug|Any CPU.ActiveCfg = Debug|Any CPU
		{C70559F8-B613-8CE5-4233-22F41467859A}.Debug|Any CPU.Build.0 = Debug|Any CPU
		{C70559F8-B613-8CE5-4233-22F41467859A}.Release|Any CPU.ActiveCfg = Release|Any CPU
		{C70559F8-B613-8CE5-4233-22F41467859A}.Release|Any CPU.Build.0 = Release|Any CPU
	EndGlobalSection
	GlobalSection(SolutionProperties) = preSolution
		HideSolutionNode = FALSE
	EndGlobalSection
	GlobalSection(ExtensibilityGlobals) = postSolution
		SolutionGuid = {38F9D90B-B097-4DF5-B1B0-00B1E793FC3D}
	EndGlobalSection
EndGlobal
